// !$*UTF8*$!
{
	archiveVersion = 1;
	classes = {
	};
	objectVersion = 56;
	objects = {

/* Begin PBXBuildFile section */
		D930C3882A22878900250051 /* HarshPatelFinalProjectApp.swift in Sources */ = {isa = PBXBuildFile; fileRef = D930C3872A22878900250051 /* HarshPatelFinalProjectApp.swift */; };
		D930C38A2A22878900250051 /* ContentView.swift in Sources */ = {isa = PBXBuildFile; fileRef = D930C3892A22878900250051 /* ContentView.swift */; };
		D930C38C2A22878A00250051 /* Assets.xcassets in Resources */ = {isa = PBXBuildFile; fileRef = D930C38B2A22878A00250051 /* Assets.xcassets */; };
		D930C38F2A22878A00250051 /* Preview Assets.xcassets in Resources */ = {isa = PBXBuildFile; fileRef = D930C38E2A22878A00250051 /* Preview Assets.xcassets */; };
		D930C3992A22878A00250051 /* HarshPatelFinalProjectTests.swift in Sources */ = {isa = PBXBuildFile; fileRef = D930C3982A22878A00250051 /* HarshPatelFinalProjectTests.swift */; };
		D930C3A32A22878A00250051 /* HarshPatelFinalProjectUITests.swift in Sources */ = {isa = PBXBuildFile; fileRef = D930C3A22A22878A00250051 /* HarshPatelFinalProjectUITests.swift */; };
		D930C3A52A22878A00250051 /* HarshPatelFinalProjectUITestsLaunchTests.swift in Sources */ = {isa = PBXBuildFile; fileRef = D930C3A42A22878A00250051 /* HarshPatelFinalProjectUITestsLaunchTests.swift */; };
/* End PBXBuildFile section */

/* Begin PBXContainerItemProxy section */
		D930C3952A22878A00250051 /* PBXContainerItemProxy */ = {
			isa = PBXContainerItemProxy;
			containerPortal = D930C37C2A22878900250051 /* Project object */;
			proxyType = 1;
			remoteGlobalIDString = D930C3832A22878900250051;
			remoteInfo = HarshPatelFinalProject;
		};
		D930C39F2A22878A00250051 /* PBXContainerItemProxy */ = {
			isa = PBXContainerItemProxy;
			containerPortal = D930C37C2A22878900250051 /* Project object */;
			proxyType = 1;
			remoteGlobalIDString = D930C3832A22878900250051;
			remoteInfo = HarshPatelFinalProject;
		};
/* End PBXContainerItemProxy section */

/* Begin PBXFileReference section */
		D930C3842A22878900250051 /* HarshPatelFinalProject.app */ = {isa = PBXFileReference; explicitFileType = wrapper.application; includeInIndex = 0; path = HarshPatelFinalProject.app; sourceTree = BUILT_PRODUCTS_DIR; };
		D930C3872A22878900250051 /* HarshPatelFinalProjectApp.swift */ = {isa = PBXFileReference; lastKnownFileType = sourcecode.swift; path = HarshPatelFinalProjectApp.swift; sourceTree = "<group>"; };
		D930C3892A22878900250051 /* ContentView.swift */ = {isa = PBXFileReference; lastKnownFileType = sourcecode.swift; path = ContentView.swift; sourceTree = "<group>"; };
		D930C38B2A22878A00250051 /* Assets.xcassets */ = {isa = PBXFileReference; lastKnownFileType = folder.assetcatalog; path = Assets.xcassets; sourceTree = "<group>"; };
		D930C38E2A22878A00250051 /* Preview Assets.xcassets */ = {isa = PBXFileReference; lastKnownFileType = folder.assetcatalog; path = "Preview Assets.xcassets"; sourceTree = "<group>"; };
		D930C3942A22878A00250051 /* HarshPatelFinalProjectTests.xctest */ = {isa = PBXFileReference; explicitFileType = wrapper.cfbundle; includeInIndex = 0; path = HarshPatelFinalProjectTests.xctest; sourceTree = BUILT_PRODUCTS_DIR; };
		D930C3982A22878A00250051 /* HarshPatelFinalProjectTests.swift */ = {isa = PBXFileReference; lastKnownFileType = sourcecode.swift; path = HarshPatelFinalProjectTests.swift; sourceTree = "<group>"; };
		D930C39E2A22878A00250051 /* HarshPatelFinalProjectUITests.xctest */ = {isa = PBXFileReference; explicitFileType = wrapper.cfbundle; includeInIndex = 0; path = HarshPatelFinalProjectUITests.xctest; sourceTree = BUILT_PRODUCTS_DIR; };
		D930C3A22A22878A00250051 /* HarshPatelFinalProjectUITests.swift */ = {isa = PBXFileReference; lastKnownFileType = sourcecode.swift; path = HarshPatelFinalProjectUITests.swift; sourceTree = "<group>"; };
		D930C3A42A22878A00250051 /* HarshPatelFinalProjectUITestsLaunchTests.swift */ = {isa = PBXFileReference; lastKnownFileType = sourcecode.swift; path = HarshPatelFinalProjectUITestsLaunchTests.swift; sourceTree = "<group>"; };
/* End PBXFileReference section */

/* Begin PBXFrameworksBuildPhase section */
		D930C3812A22878900250051 /* Frameworks */ = {
			isa = PBXFrameworksBuildPhase;
			buildActionMask = 2147483647;
			files = (
			);
			runOnlyForDeploymentPostprocessing = 0;
		};
		D930C3912A22878A00250051 /* Frameworks */ = {
			isa = PBXFrameworksBuildPhase;
			buildActionMask = 2147483647;
			files = (
			);
			runOnlyForDeploymentPostprocessing = 0;
		};
		D930C39B2A22878A00250051 /* Frameworks */ = {
			isa = PBXFrameworksBuildPhase;
			buildActionMask = 2147483647;
			files = (
			);
			runOnlyForDeploymentPostprocessing = 0;
		};
/* End PBXFrameworksBuildPhase section */

/* Begin PBXGroup section */
		D930C37B2A22878900250051 = {
			isa = PBXGroup;
			children = (
				D930C3862A22878900250051 /* HarshPatelFinalProject */,
				D930C3972A22878A00250051 /* HarshPatelFinalProjectTests */,
				D930C3A12A22878A00250051 /* HarshPatelFinalProjectUITests */,
				D930C3852A22878900250051 /* Products */,
			);
			sourceTree = "<group>";
		};
		D930C3852A22878900250051 /* Products */ = {
			isa = PBXGroup;
			children = (
				D930C3842A22878900250051 /* HarshPatelFinalProject.app */,
				D930C3942A22878A00250051 /* HarshPatelFinalProjectTests.xctest */,
				D930C39E2A22878A00250051 /* HarshPatelFinalProjectUITests.xctest */,
			);
			name = Products;
			sourceTree = "<group>";
		};
		D930C3862A22878900250051 /* HarshPatelFinalProject */ = {
			isa = PBXGroup;
			children = (
				D930C3872A22878900250051 /* HarshPatelFinalProjectApp.swift */,
				D930C3892A22878900250051 /* ContentView.swift */,
				D930C38B2A22878A00250051 /* Assets.xcassets */,
				D930C38D2A22878A00250051 /* Preview Content */,
			);
			path = HarshPatelFinalProject;
			sourceTree = "<group>";
		};
		D930C38D2A22878A00250051 /* Preview Content */ = {
			isa = PBXGroup;
			children = (
				D930C38E2A22878A00250051 /* Preview Assets.xcassets */,
			);
			path = "Preview Content";
			sourceTree = "<group>";
		};
		D930C3972A22878A00250051 /* HarshPatelFinalProjectTests */ = {
			isa = PBXGroup;
			children = (
				D930C3982A22878A00250051 /* HarshPatelFinalProjectTests.swift */,
			);
			path = HarshPatelFinalProjectTests;
			sourceTree = "<group>";
		};
		D930C3A12A22878A00250051 /* HarshPatelFinalProjectUITests */ = {
			isa = PBXGroup;
			children = (
				D930C3A22A22878A00250051 /* HarshPatelFinalProjectUITests.swift */,
				D930C3A42A22878A00250051 /* HarshPatelFinalProjectUITestsLaunchTests.swift */,
			);
			path = HarshPatelFinalProjectUITests;
			sourceTree = "<group>";
		};
/* End PBXGroup section */

/* Begin PBXNativeTarget section */
		D930C3832A22878900250051 /* HarshPatelFinalProject */ = {
			isa = PBXNativeTarget;
			buildConfigurationList = D930C3A82A22878A00250051 /* Build configuration list for PBXNativeTarget "HarshPatelFinalProject" */;
			buildPhases = (
				D930C3802A22878900250051 /* Sources */,
				D930C3812A22878900250051 /* Frameworks */,
				D930C3822A22878900250051 /* Resources */,
			);
			buildRules = (
			);
			dependencies = (
			);
			name = HarshPatelFinalProject;
			productName = HarshPatelFinalProject;
			productReference = D930C3842A22878900250051 /* HarshPatelFinalProject.app */;
			productType = "com.apple.product-type.application";
		};
		D930C3932A22878A00250051 /* HarshPatelFinalProjectTests */ = {
			isa = PBXNativeTarget;
			buildConfigurationList = D930C3AB2A22878A00250051 /* Build configuration list for PBXNativeTarget "HarshPatelFinalProjectTests" */;
			buildPhases = (
				D930C3902A22878A00250051 /* Sources */,
				D930C3912A22878A00250051 /* Frameworks */,
				D930C3922A22878A00250051 /* Resources */,
			);
			buildRules = (
			);
			dependencies = (
				D930C3962A22878A00250051 /* PBXTargetDependency */,
			);
			name = HarshPatelFinalProjectTests;
			productName = HarshPatelFinalProjectTests;
			productReference = D930C3942A22878A00250051 /* HarshPatelFinalProjectTests.xctest */;
			productType = "com.apple.product-type.bundle.unit-test";
		};
		D930C39D2A22878A00250051 /* HarshPatelFinalProjectUITests */ = {
			isa = PBXNativeTarget;
			buildConfigurationList = D930C3AE2A22878A00250051 /* Build configuration list for PBXNativeTarget "HarshPatelFinalProjectUITests" */;
			buildPhases = (
				D930C39A2A22878A00250051 /* Sources */,
				D930C39B2A22878A00250051 /* Frameworks */,
				D930C39C2A22878A00250051 /* Resources */,
			);
			buildRules = (
			);
			dependencies = (
				D930C3A02A22878A00250051 /* PBXTargetDependency */,
			);
			name = HarshPatelFinalProjectUITests;
			productName = HarshPatelFinalProjectUITests;
			productReference = D930C39E2A22878A00250051 /* HarshPatelFinalProjectUITests.xctest */;
			productType = "com.apple.product-type.bundle.ui-testing";
		};
/* End PBXNativeTarget section */

/* Begin PBXProject section */
		D930C37C2A22878900250051 /* Project object */ = {
			isa = PBXProject;
			attributes = {
				BuildIndependentTargetsInParallel = 1;
				LastSwiftUpdateCheck = 1420;
				LastUpgradeCheck = 1420;
				TargetAttributes = {
					D930C3832A22878900250051 = {
						CreatedOnToolsVersion = 14.2;
					};
					D930C3932A22878A00250051 = {
						CreatedOnToolsVersion = 14.2;
						TestTargetID = D930C3832A22878900250051;
					};
					D930C39D2A22878A00250051 = {
						CreatedOnToolsVersion = 14.2;
						TestTargetID = D930C3832A22878900250051;
					};
				};
			};
			buildConfigurationList = D930C37F2A22878900250051 /* Build configuration list for PBXProject "HarshPatelFinalProject" */;
			compatibilityVersion = "Xcode 14.0";
			developmentRegion = en;
			hasScannedForEncodings = 0;
			knownRegions = (
				en,
				Base,
			);
			mainGroup = D930C37B2A22878900250051;
			productRefGroup = D930C3852A22878900250051 /* Products */;
			projectDirPath = "";
			projectRoot = "";
			targets = (
				D930C3832A22878900250051 /* HarshPatelFinalProject */,
				D930C3932A22878A00250051 /* HarshPatelFinalProjectTests */,
				D930C39D2A22878A00250051 /* HarshPatelFinalProjectUITests */,
			);
		};
/* End PBXProject section */

/* Begin PBXResourcesBuildPhase section */
		D930C3822A22878900250051 /* Resources */ = {
			isa = PBXResourcesBuildPhase;
			buildActionMask = 2147483647;
			files = (
				D930C38F2A22878A00250051 /* Preview Assets.xcassets in Resources */,
				D930C38C2A22878A00250051 /* Assets.xcassets in Resources */,
			);
			runOnlyForDeploymentPostprocessing = 0;
		};
		D930C3922A22878A00250051 /* Resources */ = {
			isa = PBXResourcesBuildPhase;
			buildActionMask = 2147483647;
			files = (
			);
			runOnlyForDeploymentPostprocessing = 0;
		};
		D930C39C2A22878A00250051 /* Resources */ = {
			isa = PBXResourcesBuildPhase;
			buildActionMask = 2147483647;
			files = (
			);
			runOnlyForDeploymentPostprocessing = 0;
		};
/* End PBXResourcesBuildPhase section */

/* Begin PBXSourcesBuildPhase section */
		D930C3802A22878900250051 /* Sources */ = {
			isa = PBXSourcesBuildPhase;
			buildActionMask = 2147483647;
			files = (
				D930C38A2A22878900250051 /* ContentView.swift in Sources */,
				D930C3882A22878900250051 /* HarshPatelFinalProjectApp.swift in Sources */,
			);
			runOnlyForDeploymentPostprocessing = 0;
		};
		D930C3902A22878A00250051 /* Sources */ = {
			isa = PBXSourcesBuildPhase;
			buildActionMask = 2147483647;
			files = (
				D930C3992A22878A00250051 /* HarshPatelFinalProjectTests.swift in Sources */,
			);
			runOnlyForDeploymentPostprocessing = 0;
		};
		D930C39A2A22878A00250051 /* Sources */ = {
			isa = PBXSourcesBuildPhase;
			buildActionMask = 2147483647;
			files = (
				D930C3A32A22878A00250051 /* HarshPatelFinalProjectUITests.swift in Sources */,
				D930C3A52A22878A00250051 /* HarshPatelFinalProjectUITestsLaunchTests.swift in Sources */,
			);
			runOnlyForDeploymentPostprocessing = 0;
		};
/* End PBXSourcesBuildPhase section */

/* Begin PBXTargetDependency section */
		D930C3962A22878A00250051 /* PBXTargetDependency */ = {
			isa = PBXTargetDependency;
			target = D930C3832A22878900250051 /* HarshPatelFinalProject */;
			targetProxy = D930C3952A22878A00250051 /* PBXContainerItemProxy */;
		};
		D930C3A02A22878A00250051 /* PBXTargetDependency */ = {
			isa = PBXTargetDependency;
			target = D930C3832A22878900250051 /* HarshPatelFinalProject */;
			targetProxy = D930C39F2A22878A00250051 /* PBXContainerItemProxy */;
		};
/* End PBXTargetDependency section */

/* Begin XCBuildConfiguration section */
		D930C3A62A22878A00250051 /* Debug */ = {
			isa = XCBuildConfiguration;
			buildSettings = {
				ALWAYS_SEARCH_USER_PATHS = NO;
				CLANG_ANALYZER_NONNULL = YES;
				CLANG_ANALYZER_NUMBER_OBJECT_CONVERSION = YES_AGGRESSIVE;
				CLANG_CXX_LANGUAGE_STANDARD = "gnu++20";
				CLANG_ENABLE_MODULES = YES;
				CLANG_ENABLE_OBJC_ARC = YES;
				CLANG_ENABLE_OBJC_WEAK = YES;
				CLANG_WARN_BLOCK_CAPTURE_AUTORELEASING = YES;
				CLANG_WARN_BOOL_CONVERSION = YES;
				CLANG_WARN_COMMA = YES;
				CLANG_WARN_CONSTANT_CONVERSION = YES;
				CLANG_WARN_DEPRECATED_OBJC_IMPLEMENTATIONS = YES;
				CLANG_WARN_DIRECT_OBJC_ISA_USAGE = YES_ERROR;
				CLANG_WARN_DOCUMENTATION_COMMENTS = YES;
				CLANG_WARN_EMPTY_BODY = YES;
				CLANG_WARN_ENUM_CONVERSION = YES;
				CLANG_WARN_INFINITE_RECURSION = YES;
				CLANG_WARN_INT_CONVERSION = YES;
				CLANG_WARN_NON_LITERAL_NULL_CONVERSION = YES;
				CLANG_WARN_OBJC_IMPLICIT_RETAIN_SELF = YES;
				CLANG_WARN_OBJC_LITERAL_CONVERSION = YES;
				CLANG_WARN_OBJC_ROOT_CLASS = YES_ERROR;
				CLANG_WARN_QUOTED_INCLUDE_IN_FRAMEWORK_HEADER = YES;
				CLANG_WARN_RANGE_LOOP_ANALYSIS = YES;
				CLANG_WARN_STRICT_PROTOTYPES = YES;
				CLANG_WARN_SUSPICIOUS_MOVE = YES;
				CLANG_WARN_UNGUARDED_AVAILABILITY = YES_AGGRESSIVE;
				CLANG_WARN_UNREACHABLE_CODE = YES;
				CLANG_WARN__DUPLICATE_METHOD_MATCH = YES;
				COPY_PHASE_STRIP = NO;
				DEBUG_INFORMATION_FORMAT = dwarf;
				ENABLE_STRICT_OBJC_MSGSEND = YES;
				ENABLE_TESTABILITY = YES;
				GCC_C_LANGUAGE_STANDARD = gnu11;
				GCC_DYNAMIC_NO_PIC = NO;
				GCC_NO_COMMON_BLOCKS = YES;
				GCC_OPTIMIZATION_LEVEL = 0;
				GCC_PREPROCESSOR_DEFINITIONS = (
					"DEBUG=1",
					"$(inherited)",
				);
				GCC_WARN_64_TO_32_BIT_CONVERSION = YES;
				GCC_WARN_ABOUT_RETURN_TYPE = YES_ERROR;
				GCC_WARN_UNDECLARED_SELECTOR = YES;
				GCC_WARN_UNINITIALIZED_AUTOS = YES_AGGRESSIVE;
				GCC_WARN_UNUSED_FUNCTION = YES;
				GCC_WARN_UNUSED_VARIABLE = YES;
				IPHONEOS_DEPLOYMENT_TARGET = 16.2;
				MTL_ENABLE_DEBUG_INFO = INCLUDE_SOURCE;
				MTL_FAST_MATH = YES;
				ONLY_ACTIVE_ARCH = YES;
				SDKROOT = iphoneos;
				SWIFT_ACTIVE_COMPILATION_CONDITIONS = DEBUG;
				SWIFT_OPTIMIZATION_LEVEL = "-Onone";
			};
			name = Debug;
		};
		D930C3A72A22878A00250051 /* Release */ = {
			isa = XCBuildConfiguration;
			buildSettings = {
				ALWAYS_SEARCH_USER_PATHS = NO;
				CLANG_ANALYZER_NONNULL = YES;
				CLANG_ANALYZER_NUMBER_OBJECT_CONVERSION = YES_AGGRESSIVE;
				CLANG_CXX_LANGUAGE_STANDARD = "gnu++20";
				CLANG_ENABLE_MODULES = YES;
				CLANG_ENABLE_OBJC_ARC = YES;
				CLANG_ENABLE_OBJC_WEAK = YES;
				CLANG_WARN_BLOCK_CAPTURE_AUTORELEASING = YES;
				CLANG_WARN_BOOL_CONVERSION = YES;
				CLANG_WARN_COMMA = YES;
				CLANG_WARN_CONSTANT_CONVERSION = YES;
				CLANG_WARN_DEPRECATED_OBJC_IMPLEMENTATIONS = YES;
				CLANG_WARN_DIRECT_OBJC_ISA_USAGE = YES_ERROR;
				CLANG_WARN_DOCUMENTATION_COMMENTS = YES;
				CLANG_WARN_EMPTY_BODY = YES;
				CLANG_WARN_ENUM_CONVERSION = YES;
				CLANG_WARN_INFINITE_RECURSION = YES;
				CLANG_WARN_INT_CONVERSION = YES;
				CLANG_WARN_NON_LITERAL_NULL_CONVERSION = YES;
				CLANG_WARN_OBJC_IMPLICIT_RETAIN_SELF = YES;
				CLANG_WARN_OBJC_LITERAL_CONVERSION = YES;
				CLANG_WARN_OBJC_ROOT_CLASS = YES_ERROR;
				CLANG_WARN_QUOTED_INCLUDE_IN_FRAMEWORK_HEADER = YES;
				CLANG_WARN_RANGE_LOOP_ANALYSIS = YES;
				CLANG_WARN_STRICT_PROTOTYPES = YES;
				CLANG_WARN_SUSPICIOUS_MOVE = YES;
				CLANG_WARN_UNGUARDED_AVAILABILITY = YES_AGGRESSIVE;
				CLANG_WARN_UNREACHABLE_CODE = YES;
				CLANG_WARN__DUPLICATE_METHOD_MATCH = YES;
				COPY_PHASE_STRIP = NO;
				DEBUG_INFORMATION_FORMAT = "dwarf-with-dsym";
				ENABLE_NS_ASSERTIONS = NO;
				ENABLE_STRICT_OBJC_MSGSEND = YES;
				GCC_C_LANGUAGE_STANDARD = gnu11;
				GCC_NO_COMMON_BLOCKS = YES;
				GCC_WARN_64_TO_32_BIT_CONVERSION = YES;
				GCC_WARN_ABOUT_RETURN_TYPE = YES_ERROR;
				GCC_WARN_UNDECLARED_SELECTOR = YES;
				GCC_WARN_UNINITIALIZED_AUTOS = YES_AGGRESSIVE;
				GCC_WARN_UNUSED_FUNCTION = YES;
				GCC_WARN_UNUSED_VARIABLE = YES;
				IPHONEOS_DEPLOYMENT_TARGET = 16.2;
				MTL_ENABLE_DEBUG_INFO = NO;
				MTL_FAST_MATH = YES;
				SDKROOT = iphoneos;
				SWIFT_COMPILATION_MODE = wholemodule;
				SWIFT_OPTIMIZATION_LEVEL = "-O";
				VALIDATE_PRODUCT = YES;
			};
			name = Release;
		};
		D930C3A92A22878A00250051 /* Debug */ = {
			isa = XCBuildConfiguration;
			buildSettings = {
				ASSETCATALOG_COMPILER_APPICON_NAME = AppIcon;
				ASSETCATALOG_COMPILER_GLOBAL_ACCENT_COLOR_NAME = AccentColor;
				CODE_SIGN_STYLE = Automatic;
				CURRENT_PROJECT_VERSION = 1;
				DEVELOPMENT_ASSET_PATHS = "\"HarshPatelFinalProject/Preview Content\"";
				DEVELOPMENT_TEAM = 72AA5PJ9HS;
				ENABLE_PREVIEWS = YES;
				GENERATE_INFOPLIST_FILE = YES;
				INFOPLIST_KEY_CFBundleDisplayName = "Medication Reminder";
				INFOPLIST_KEY_LSApplicationCategoryType = "public.app-category.healthcare-fitness";
				INFOPLIST_KEY_NSCalendarsUsageDescription = "Events on calendar will be removed and deleted regarding selected medications";
				INFOPLIST_KEY_UIApplicationSceneManifest_Generation = YES;
				INFOPLIST_KEY_UIApplicationSupportsIndirectInputEvents = YES;
				INFOPLIST_KEY_UILaunchScreen_Generation = YES;
				INFOPLIST_KEY_UISupportedInterfaceOrientations_iPad = "UIInterfaceOrientationPortrait UIInterfaceOrientationPortraitUpsideDown UIInterfaceOrientationLandscapeLeft UIInterfaceOrientationLandscapeRight";
				INFOPLIST_KEY_UISupportedInterfaceOrientations_iPhone = "UIInterfaceOrientationPortrait UIInterfaceOrientationLandscapeLeft UIInterfaceOrientationLandscapeRight";
				LD_RUNPATH_SEARCH_PATHS = (
					"$(inherited)",
					"@executable_path/Frameworks",
				);
				MARKETING_VERSION = 1.0;
				PRODUCT_BUNDLE_IDENTIFIER = com.HarshPatel.HarshPatelFinalProject;
				PRODUCT_NAME = "$(TARGET_NAME)";
				SWIFT_EMIT_LOC_STRINGS = YES;
				SWIFT_VERSION = 5.0;
				TARGETED_DEVICE_FAMILY = "1,2";
			};
			name = Debug;
		};
		D930C3AA2A22878A00250051 /* Release */ = {
			isa = XCBuildConfiguration;
			buildSettings = {
				ASSETCATALOG_COMPILER_APPICON_NAME = AppIcon;
				ASSETCATALOG_COMPILER_GLOBAL_ACCENT_COLOR_NAME = AccentColor;
				CODE_SIGN_STYLE = Automatic;
				CURRENT_PROJECT_VERSION = 1;
				DEVELOPMENT_ASSET_PATHS = "\"HarshPatelFinalProject/Preview Content\"";
				DEVELOPMENT_TEAM = 72AA5PJ9HS;
				ENABLE_PREVIEWS = YES;
				GENERATE_INFOPLIST_FILE = YES;
				INFOPLIST_KEY_CFBundleDisplayName = "Medication Reminder";
				INFOPLIST_KEY_LSApplicationCategoryType = "public.app-category.healthcare-fitness";
				INFOPLIST_KEY_NSCalendarsUsageDescription = "Events on calendar will be removed and deleted regarding selected medications";
				INFOPLIST_KEY_UIApplicationSceneManifest_Generation = YES;
				INFOPLIST_KEY_UIApplicationSupportsIndirectInputEvents = YES;
				INFOPLIST_KEY_UILaunchScreen_Generation = YES;
				INFOPLIST_KEY_UISupportedInterfaceOrientations_iPad = "UIInterfaceOrientationPortrait UIInterfaceOrientationPortraitUpsideDown UIInterfaceOrientationLandscapeLeft UIInterfaceOrientationLandscapeRight";
				INFOPLIST_KEY_UISupportedInterfaceOrientations_iPhone = "UIInterfaceOrientationPortrait UIInterfaceOrientationLandscapeLeft UIInterfaceOrientationLandscapeRight";
				LD_RUNPATH_SEARCH_PATHS = (
					"$(inherited)",
					"@executable_path/Frameworks",
				);
				MARKETING_VERSION = 1.0;
				PRODUCT_BUNDLE_IDENTIFIER = com.HarshPatel.HarshPatelFinalProject;
				PRODUCT_NAME = "$(TARGET_NAME)";
				SWIFT_EMIT_LOC_STRINGS = YES;
				SWIFT_VERSION = 5.0;
				TARGETED_DEVICE_FAMILY = "1,2";
			};
			name = Release;
		};
		D930C3AC2A22878A00250051 /* Debug */ = {
			isa = XCBuildConfiguration;
			buildSettings = {
				ALWAYS_EMBED_SWIFT_STANDARD_LIBRARIES = YES;
				BUNDLE_LOADER = "$(TEST_HOST)";
				CODE_SIGN_STYLE = Automatic;
				CURRENT_PROJECT_VERSION = 1;
				GENERATE_INFOPLIST_FILE = YES;
				IPHONEOS_DEPLOYMENT_TARGET = 16.2;
				MARKETING_VERSION = 1.0;
				PRODUCT_BUNDLE_IDENTIFIER = com.HarshPatel.HarshPatelFinalProjectTests;
				PRODUCT_NAME = "$(TARGET_NAME)";
				SWIFT_EMIT_LOC_STRINGS = NO;
				SWIFT_VERSION = 5.0;
				TARGETED_DEVICE_FAMILY = "1,2";
				TEST_HOST = "$(BUILT_PRODUCTS_DIR)/HarshPatelFinalProject.app/$(BUNDLE_EXECUTABLE_FOLDER_PATH)/HarshPatelFinalProject";
			};
			name = Debug;
		};
		D930C3AD2A22878A00250051 /* Release */ = {
			isa = XCBuildConfiguration;
			buildSettings = {
				ALWAYS_EMBED_SWIFT_STANDARD_LIBRARIES = YES;
				BUNDLE_LOADER = "$(TEST_HOST)";
				CODE_SIGN_STYLE = Automatic;
				CURRENT_PROJECT_VERSION = 1;
				GENERATE_INFOPLIST_FILE = YES;
				IPHONEOS_DEPLOYMENT_TARGET = 16.2;
				MARKETING_VERSION = 1.0;
				PRODUCT_BUNDLE_IDENTIFIER = com.HarshPatel.HarshPatelFinalProjectTests;
				PRODUCT_NAME = "$(TARGET_NAME)";
				SWIFT_EMIT_LOC_STRINGS = NO;
				SWIFT_VERSION = 5.0;
				TARGETED_DEVICE_FAMILY = "1,2";
				TEST_HOST = "$(BUILT_PRODUCTS_DIR)/HarshPatelFinalProject.app/$(BUNDLE_EXECUTABLE_FOLDER_PATH)/HarshPatelFinalProject";
			};
			name = Release;
		};
		D930C3AF2A22878A00250051 /* Debug */ = {
			isa = XCBuildConfiguration;
			buildSettings = {
				ALWAYS_EMBED_SWIFT_STANDARD_LIBRARIES = YES;
				CODE_SIGN_STYLE = Automatic;
				CURRENT_PROJECT_VERSION = 1;
				GENERATE_INFOPLIST_FILE = YES;
				MARKETING_VERSION = 1.0;
				PRODUCT_BUNDLE_IDENTIFIER = com.HarshPatel.HarshPatelFinalProjectUITests;
				PRODUCT_NAME = "$(TARGET_NAME)";
				SWIFT_EMIT_LOC_STRINGS = NO;
				SWIFT_VERSION = 5.0;
				TARGETED_DEVICE_FAMILY = "1,2";
				TEST_TARGET_NAME = HarshPatelFinalProject;
			};
			name = Debug;
		};
		D930C3B02A22878A00250051 /* Release */ = {
			isa = XCBuildConfiguration;
			buildSettings = {
				ALWAYS_EMBED_SWIFT_STANDARD_LIBRARIES = YES;
				CODE_SIGN_STYLE = Automatic;
				CURRENT_PROJECT_VERSION = 1;
				GENERATE_INFOPLIST_FILE = YES;
				MARKETING_VERSION = 1.0;
				PRODUCT_BUNDLE_IDENTIFIER = com.HarshPatel.HarshPatelFinalProjectUITests;
				PRODUCT_NAME = "$(TARGET_NAME)";
				SWIFT_EMIT_LOC_STRINGS = NO;
				SWIFT_VERSION = 5.0;
				TARGETED_DEVICE_FAMILY = "1,2";
				TEST_TARGET_NAME = HarshPatelFinalProject;
			};
			name = Release;
		};
/* End XCBuildConfiguration section */

/* Begin XCConfigurationList section */
		D930C37F2A22878900250051 /* Build configuration list for PBXProject "HarshPatelFinalProject" */ = {
			isa = XCConfigurationList;
			buildConfigurations = (
				D930C3A62A22878A00250051 /* Debug */,
				D930C3A72A22878A00250051 /* Release */,
			);
			defaultConfigurationIsVisible = 0;
			defaultConfigurationName = Release;
		};
		D930C3A82A22878A00250051 /* Build configuration list for PBXNativeTarget "HarshPatelFinalProject" */ = {
			isa = XCConfigurationList;
			buildConfigurations = (
				D930C3A92A22878A00250051 /* Debug */,
				D930C3AA2A22878A00250051 /* Release */,
			);
			defaultConfigurationIsVisible = 0;
			defaultConfigurationName = Release;
		};
		D930C3AB2A22878A00250051 /* Build configuration list for PBXNativeTarget "HarshPatelFinalProjectTests" */ = {
			isa = XCConfigurationList;
			buildConfigurations = (
				D930C3AC2A22878A00250051 /* Debug */,
				D930C3AD2A22878A00250051 /* Release */,
			);
			defaultConfigurationIsVisible = 0;
			defaultConfigurationName = Release;
		};
		D930C3AE2A22878A00250051 /* Build configuration list for PBXNativeTarget "HarshPatelFinalProjectUITests" */ = {
			isa = XCConfigurationList;
			buildConfigurations = (
				D930C3AF2A22878A00250051 /* Debug */,
				D930C3B02A22878A00250051 /* Release */,
			);
			defaultConfigurationIsVisible = 0;
			defaultConfigurationName = Release;
		};
/* End XCConfigurationList section */
	};
	rootObject = D930C37C2A22878900250051 /* Project object */;
}
